PODS:
  - arkit_plugin (0.0.1):
    - Flutter
    - GLTFSceneKit
  - Flutter (1.0.0)
  - GLTFSceneKit (0.3.0)
  - path_provider_foundation (0.0.1):
    - Flutter
    - FlutterMacOS
  - permission_handler_apple (9.1.1):
    - Flutter

DEPENDENCIES:
  - arkit_plugin (from `.symlinks/plugins/arkit_plugin/ios`)
  - Flutter (from `Flutter`)
  - path_provider_foundation (from `.symlinks/plugins/path_provider_foundation/darwin`)
  - permission_handler_apple (from `.symlinks/plugins/permission_handler_apple/ios`)

SPEC REPOS:
  trunk:
    - GLTFSceneKit

EXTERNAL SOURCES:
  arkit_plugin:
    :path: ".symlinks/plugins/arkit_plugin/ios"
  Flutter:
    :path: Flutter
  path_provider_foundation:
    :path: ".symlinks/plugins/path_provider_foundation/darwin"
  permission_handler_apple:
    :path: ".symlinks/plugins/permission_handler_apple/ios"

SPEC CHECKSUMS:
  arkit_plugin: 2c387e26e137de4bd1fc16ec2fabd05c84c5a817
  Flutter: e0871f40cf51350855a761d2e70bf5af5b9b5de7
  GLTFSceneKit: d1b437c514ba2aed5555afb0fddd64e030612d57
  path_provider_foundation: 080d55be775b7414fd5a5ef3ac137b97b097e564
  permission_handler_apple: 3787117e48f80715ff04a3830ca039283d6a4f29

PODFILE CHECKSUM: 20e260c9bb3f61194c661a4ba028da86e4f3ed96

COCOAPODS: 1.16.2
